
Microsoft Visual Studio Solution File, Format Version 12.00
# Visual Studio Version 17
VisualStudioVersion = 17.10.35122.118
MinimumVisualStudioVersion = 10.0.40219.1
Project("{9A19103F-16F7-4668-BE54-9A1E7A4F7556}") = "BookWorm", "BookWorm\BookWorm.csproj", "{FD59A18B-5783-4C9E-99F4-73EA1CBA2E1F}"
EndProject
Project("{FAE04EC0-301F-11D3-BF4B-00C04F79EFBC}") = "BookWorm_razor", "BookWorm_razor\BookWorm_razor.csproj", "{12E4E105-52E9-45AB-81DF-9A0094BF2778}"
EndProject
Global
	GlobalSection(SolutionConfigurationPlatforms) = preSolution
		Debug|Any CPU = Debug|Any CPU
		Release|Any CPU = Release|Any CPU
	EndGlobalSection
	GlobalSection(ProjectConfigurationPlatforms) = postSolution
		{FD59A18B-5783-4C9E-99F4-73EA1CBA2E1F}.Debug|Any CPU.ActiveCfg = Debug|Any CPU
		{FD59A18B-5783-4C9E-99F4-73EA1CBA2E1F}.Debug|Any CPU.Build.0 = Debug|Any CPU
		{FD59A18B-5783-4C9E-99F4-73EA1CBA2E1F}.Release|Any CPU.ActiveCfg = Release|Any CPU
		{FD59A18B-5783-4C9E-99F4-73EA1CBA2E1F}.Release|Any CPU.Build.0 = Release|Any CPU
		{12E4E105-52E9-45AB-81DF-9A0094BF2778}.Debug|Any CPU.ActiveCfg = Debug|Any CPU
		{12E4E105-52E9-45AB-81DF-9A0094BF2778}.Debug|Any CPU.Build.0 = Debug|Any CPU
		{12E4E105-52E9-45AB-81DF-9A0094BF2778}.Release|Any CPU.ActiveCfg = Release|Any CPU
		{12E4E105-52E9-45AB-81DF-9A0094BF2778}.Release|Any CPU.Build.0 = Release|Any CPU
	EndGlobalSection
	GlobalSection(SolutionProperties) = preSolution
		HideSolutionNode = FALSE
	EndGlobalSection
	GlobalSection(ExtensibilityGlobals) = postSolution
		SolutionGuid = {00A6EFC7-0741-4293-A6CB-0D2F80A54811}
	EndGlobalSection
EndGlobal
